
Microsoft Visual Studio Solution File, Format Version 12.00
# Visual Studio 15
VisualStudioVersion = 15.0.28307.705
MinimumVisualStudioVersion = 10.0.40219.1
Project("{8BC9CEB8-8B4A-11D0-8D11-00A0C91BC942}") = "ClippyGui", "ClippyGui\ClippyGui.vcxproj", "{8B7B6771-296B-4CBE-869D-3789218AB7AB}"
EndProject
Global
	GlobalSection(SolutionConfigurationPlatforms) = preSolution
		Debug|x64 = Debug|x64
		Debug|x86 = Debug|x86
		Release|x64 = Release|x64
		Release|x86 = Release|x86
	EndGlobalSection
	GlobalSection(ProjectConfigurationPlatforms) = postSolution
		{8B7B6771-296B-4CBE-869D-3789218AB7AB}.Debug|x64.ActiveCfg = Debug|x64
		{8B7B6771-296B-4CBE-869D-3789218AB7AB}.Debug|x64.Build.0 = Debug|x64
		{8B7B6771-296B-4CBE-869D-3789218AB7AB}.Debug|x86.ActiveCfg = Debug|Win32
		{8B7B6771-296B-4CBE-869D-3789218AB7AB}.Debug|x86.Build.0 = Debug|Win32
		{8B7B6771-296B-4CBE-869D-3789218AB7AB}.Release|x64.ActiveCfg = Release|x64
		{8B7B6771-296B-4CBE-869D-3789218AB7AB}.Release|x64.Build.0 = Release|x64
		{8B7B6771-296B-4CBE-869D-3789218AB7AB}.Release|x86.ActiveCfg = Release|Win32
		{8B7B6771-296B-4CBE-869D-3789218AB7AB}.Release|x86.Build.0 = Release|Win32
	EndGlobalSection
	GlobalSection(SolutionProperties) = preSolution
		HideSolutionNode = FALSE
	EndGlobalSection
	GlobalSection(ExtensibilityGlobals) = postSolution
		SolutionGuid = {89B5B200-277C-4F60-9976-3E33D2228D69}
	EndGlobalSection
EndGlobal
